// !$*UTF8*$!
{
	archiveVersion = 1;
	classes = {
	};
	objectVersion = 46;
	objects = {

/* Begin PBXBuildFile section */
		95A9730C343FD9697C890065 /* Pods_Pokedex_Rx.framework in Frameworks */ = {isa = PBXBuildFile; fileRef = 050A25FCA85B061598ACC7CC /* Pods_Pokedex_Rx.framework */; };
		E0074D311F75B19B007C9931 /* Pokemon.swift in Sources */ = {isa = PBXBuildFile; fileRef = E0074D301F75B19B007C9931 /* Pokemon.swift */; };
		E0074D351F75B222007C9931 /* Statistics.swift in Sources */ = {isa = PBXBuildFile; fileRef = E0074D341F75B222007C9931 /* Statistics.swift */; };
		E0074D371F75B290007C9931 /* PokemonType.swift in Sources */ = {isa = PBXBuildFile; fileRef = E0074D361F75B290007C9931 /* PokemonType.swift */; };
		E0196A701F6EC4860066E959 /* AppDelegate.swift in Sources */ = {isa = PBXBuildFile; fileRef = E0196A6F1F6EC4860066E959 /* AppDelegate.swift */; };
		E0196A771F6EC4860066E959 /* Assets.xcassets in Resources */ = {isa = PBXBuildFile; fileRef = E0196A761F6EC4860066E959 /* Assets.xcassets */; };
		E0196A7A1F6EC4860066E959 /* LaunchScreen.storyboard in Resources */ = {isa = PBXBuildFile; fileRef = E0196A781F6EC4860066E959 /* LaunchScreen.storyboard */; };
		E0196A8D1F6EC59C0066E959 /* music.mp3 in Resources */ = {isa = PBXBuildFile; fileRef = E0196A8A1F6EC59C0066E959 /* music.mp3 */; };
		E0196A8E1F6EC59C0066E959 /* Pokemon.ttf in Resources */ = {isa = PBXBuildFile; fileRef = E0196A8B1F6EC59C0066E959 /* Pokemon.ttf */; };
		E0196A8F1F6EC59C0066E959 /* Pokemon2.ttf in Resources */ = {isa = PBXBuildFile; fileRef = E0196A8C1F6EC59C0066E959 /* Pokemon2.ttf */; };
		E0196A911F6EC5E40066E959 /* pokemon.csv in Resources */ = {isa = PBXBuildFile; fileRef = E0196A901F6EC5E40066E959 /* pokemon.csv */; };
		E0196A941F6EC7200066E959 /* Coordinator.swift in Sources */ = {isa = PBXBuildFile; fileRef = E0196A931F6EC7200066E959 /* Coordinator.swift */; };
		E0196A961F6EC7350066E959 /* RootCoordinator.swift in Sources */ = {isa = PBXBuildFile; fileRef = E0196A951F6EC7350066E959 /* RootCoordinator.swift */; };
		E0196A9C1F6EC7F20066E959 /* PokedexListViewController.swift in Sources */ = {isa = PBXBuildFile; fileRef = E0196A9A1F6EC7F20066E959 /* PokedexListViewController.swift */; };
		E0196A9D1F6EC7F20066E959 /* PokedexListViewController.xib in Resources */ = {isa = PBXBuildFile; fileRef = E0196A9B1F6EC7F20066E959 /* PokedexListViewController.xib */; };
		E0196A9F1F6EC7FE0066E959 /* PokedexListViewModel.swift in Sources */ = {isa = PBXBuildFile; fileRef = E0196A9E1F6EC7FE0066E959 /* PokedexListViewModel.swift */; };
		E0196AA11F6EC8230066E959 /* PokedexListCoordinator.swift in Sources */ = {isa = PBXBuildFile; fileRef = E0196AA01F6EC8230066E959 /* PokedexListCoordinator.swift */; };
		E0196AA51F6ECCD20066E959 /* PokemonCell.swift in Sources */ = {isa = PBXBuildFile; fileRef = E0196AA31F6ECCD20066E959 /* PokemonCell.swift */; };
		E0196AA61F6ECCD20066E959 /* PokemonCell.xib in Resources */ = {isa = PBXBuildFile; fileRef = E0196AA41F6ECCD20066E959 /* PokemonCell.xib */; };
		E0196AA81F6ECDA00066E959 /* Identifiable.swift in Sources */ = {isa = PBXBuildFile; fileRef = E0196AA71F6ECDA00066E959 /* Identifiable.swift */; };
		E0196AAA1F6ECDC90066E959 /* UICollectionView.swift in Sources */ = {isa = PBXBuildFile; fileRef = E0196AA91F6ECDC90066E959 /* UICollectionView.swift */; };
		E0196AAC1F6ECDDD0066E959 /* UICollectionViewCell.swift in Sources */ = {isa = PBXBuildFile; fileRef = E0196AAB1F6ECDDD0066E959 /* UICollectionViewCell.swift */; };
		E0196AB21F6EEE360066E959 /* PokemonLight.swift in Sources */ = {isa = PBXBuildFile; fileRef = E0196AB11F6EEE360066E959 /* PokemonLight.swift */; };
		E0196ABA1F6EF0860066E959 /* PokemonParser.swift in Sources */ = {isa = PBXBuildFile; fileRef = E0196AB91F6EF0860066E959 /* PokemonParser.swift */; };
		E0196ABC1F6EF0DF0066E959 /* CSVParser.swift in Sources */ = {isa = PBXBuildFile; fileRef = E0196ABB1F6EF0DF0066E959 /* CSVParser.swift */; };
		E0196ABF1F6EFB1C0066E959 /* PokedexError.swift in Sources */ = {isa = PBXBuildFile; fileRef = E0196ABE1F6EFB1C0066E959 /* PokedexError.swift */; };
		E0196AC11F6F01CD0066E959 /* PokemonAPI.swift in Sources */ = {isa = PBXBuildFile; fileRef = E0196AC01F6F01CD0066E959 /* PokemonAPI.swift */; };
		E0196AC31F6F02660066E959 /* DataDependencies.swift in Sources */ = {isa = PBXBuildFile; fileRef = E0196AC21F6F02660066E959 /* DataDependencies.swift */; };
		E0196AC51F6F02850066E959 /* DataDependenciesProtocols.swift in Sources */ = {isa = PBXBuildFile; fileRef = E0196AC41F6F02850066E959 /* DataDependenciesProtocols.swift */; };
		E0196AC71F703C8E0066E959 /* PokemonCellViewModel.swift in Sources */ = {isa = PBXBuildFile; fileRef = E0196AC61F703C8D0066E959 /* PokemonCellViewModel.swift */; };
		E0196AC91F7192E40066E959 /* Result.swift in Sources */ = {isa = PBXBuildFile; fileRef = E0196AC81F7192E40066E959 /* Result.swift */; };
		E0196ACB1F7199190066E959 /* Alertable.swift in Sources */ = {isa = PBXBuildFile; fileRef = E0196ACA1F7199190066E959 /* Alertable.swift */; };
		E0196ACD1F71B2A60066E959 /* Roundable.swift in Sources */ = {isa = PBXBuildFile; fileRef = E0196ACC1F71B2A60066E959 /* Roundable.swift */; };
		E0196ACF1F71B49D0066E959 /* NavigationTransitionType.swift in Sources */ = {isa = PBXBuildFile; fileRef = E0196ACE1F71B49D0066E959 /* NavigationTransitionType.swift */; };
		E0196AD11F71BAC10066E959 /* Navigator.swift in Sources */ = {isa = PBXBuildFile; fileRef = E0196AD01F71BAC10066E959 /* Navigator.swift */; };
		E0196AD31F71BDE00066E959 /* PokedexDetailsCoordinator.swift in Sources */ = {isa = PBXBuildFile; fileRef = E0196AD21F71BDE00066E959 /* PokedexDetailsCoordinator.swift */; };
		E0196AD71F72DA930066E959 /* PokedexDetailsViewController.swift in Sources */ = {isa = PBXBuildFile; fileRef = E0196AD51F72DA930066E959 /* PokedexDetailsViewController.swift */; };
		E0196AD81F72DA930066E959 /* PokedexDetailsViewController.xib in Resources */ = {isa = PBXBuildFile; fileRef = E0196AD61F72DA930066E959 /* PokedexDetailsViewController.xib */; };
		E0196ADA1F72DAA30066E959 /* PokedexDetailsViewModel.swift in Sources */ = {isa = PBXBuildFile; fileRef = E0196AD91F72DAA30066E959 /* PokedexDetailsViewModel.swift */; };
		E04257421F8A56F50091A55D /* PokemonEvolution.swift in Sources */ = {isa = PBXBuildFile; fileRef = E04257411F8A56F50091A55D /* PokemonEvolution.swift */; };
		E05C7FC11F87873000C83360 /* String.swift in Sources */ = {isa = PBXBuildFile; fileRef = E05C7FC01F87873000C83360 /* String.swift */; };
		E05C7FC31F878B8300C83360 /* PokemonNetwork.swift in Sources */ = {isa = PBXBuildFile; fileRef = E05C7FC21F878B8300C83360 /* PokemonNetwork.swift */; };
		E05C7FC51F87CA2D00C83360 /* PrimitiveSequence.swift in Sources */ = {isa = PBXBuildFile; fileRef = E05C7FC41F87CA2D00C83360 /* PrimitiveSequence.swift */; };
/* End PBXBuildFile section */

/* Begin PBXFileReference section */
		0419E460568B6626412566EB /* Pods-Pokedex-Rx.debug.xcconfig */ = {isa = PBXFileReference; includeInIndex = 1; lastKnownFileType = text.xcconfig; name = "Pods-Pokedex-Rx.debug.xcconfig"; path = "Pods/Target Support Files/Pods-Pokedex-Rx/Pods-Pokedex-Rx.debug.xcconfig"; sourceTree = "<group>"; };
		050A25FCA85B061598ACC7CC /* Pods_Pokedex_Rx.framework */ = {isa = PBXFileReference; explicitFileType = wrapper.framework; includeInIndex = 0; path = Pods_Pokedex_Rx.framework; sourceTree = BUILT_PRODUCTS_DIR; };
		B62C7FE58A352E23D0915B1B /* Pods-Pokedex-Rx.release.xcconfig */ = {isa = PBXFileReference; includeInIndex = 1; lastKnownFileType = text.xcconfig; name = "Pods-Pokedex-Rx.release.xcconfig"; path = "Pods/Target Support Files/Pods-Pokedex-Rx/Pods-Pokedex-Rx.release.xcconfig"; sourceTree = "<group>"; };
		E0074D301F75B19B007C9931 /* Pokemon.swift */ = {isa = PBXFileReference; lastKnownFileType = sourcecode.swift; path = Pokemon.swift; sourceTree = "<group>"; };
		E0074D341F75B222007C9931 /* Statistics.swift */ = {isa = PBXFileReference; lastKnownFileType = sourcecode.swift; path = Statistics.swift; sourceTree = "<group>"; };
		E0074D361F75B290007C9931 /* PokemonType.swift */ = {isa = PBXFileReference; lastKnownFileType = sourcecode.swift; path = PokemonType.swift; sourceTree = "<group>"; };
		E0196A6C1F6EC4860066E959 /* Pokedex-Rx.app */ = {isa = PBXFileReference; explicitFileType = wrapper.application; includeInIndex = 0; path = "Pokedex-Rx.app"; sourceTree = BUILT_PRODUCTS_DIR; };
		E0196A6F1F6EC4860066E959 /* AppDelegate.swift */ = {isa = PBXFileReference; lastKnownFileType = sourcecode.swift; path = AppDelegate.swift; sourceTree = "<group>"; };
		E0196A761F6EC4860066E959 /* Assets.xcassets */ = {isa = PBXFileReference; lastKnownFileType = folder.assetcatalog; path = Assets.xcassets; sourceTree = "<group>"; };
		E0196A791F6EC4860066E959 /* Base */ = {isa = PBXFileReference; lastKnownFileType = file.storyboard; name = Base; path = Base.lproj/LaunchScreen.storyboard; sourceTree = "<group>"; };
		E0196A7B1F6EC4860066E959 /* Info.plist */ = {isa = PBXFileReference; lastKnownFileType = text.plist.xml; path = Info.plist; sourceTree = "<group>"; };
		E0196A8A1F6EC59C0066E959 /* music.mp3 */ = {isa = PBXFileReference; lastKnownFileType = audio.mp3; path = music.mp3; sourceTree = "<group>"; };
		E0196A8B1F6EC59C0066E959 /* Pokemon.ttf */ = {isa = PBXFileReference; lastKnownFileType = file; path = Pokemon.ttf; sourceTree = "<group>"; };
		E0196A8C1F6EC59C0066E959 /* Pokemon2.ttf */ = {isa = PBXFileReference; lastKnownFileType = file; path = Pokemon2.ttf; sourceTree = "<group>"; };
		E0196A901F6EC5E40066E959 /* pokemon.csv */ = {isa = PBXFileReference; fileEncoding = 4; lastKnownFileType = text; path = pokemon.csv; sourceTree = "<group>"; };
		E0196A931F6EC7200066E959 /* Coordinator.swift */ = {isa = PBXFileReference; fileEncoding = 4; lastKnownFileType = sourcecode.swift; path = Coordinator.swift; sourceTree = "<group>"; };
		E0196A951F6EC7350066E959 /* RootCoordinator.swift */ = {isa = PBXFileReference; fileEncoding = 4; lastKnownFileType = sourcecode.swift; path = RootCoordinator.swift; sourceTree = "<group>"; };
		E0196A9A1F6EC7F20066E959 /* PokedexListViewController.swift */ = {isa = PBXFileReference; fileEncoding = 4; lastKnownFileType = sourcecode.swift; path = PokedexListViewController.swift; sourceTree = "<group>"; };
		E0196A9B1F6EC7F20066E959 /* PokedexListViewController.xib */ = {isa = PBXFileReference; fileEncoding = 4; lastKnownFileType = file.xib; path = PokedexListViewController.xib; sourceTree = "<group>"; };
		E0196A9E1F6EC7FE0066E959 /* PokedexListViewModel.swift */ = {isa = PBXFileReference; fileEncoding = 4; lastKnownFileType = sourcecode.swift; path = PokedexListViewModel.swift; sourceTree = "<group>"; };
		E0196AA01F6EC8230066E959 /* PokedexListCoordinator.swift */ = {isa = PBXFileReference; fileEncoding = 4; lastKnownFileType = sourcecode.swift; path = PokedexListCoordinator.swift; sourceTree = "<group>"; };
		E0196AA31F6ECCD20066E959 /* PokemonCell.swift */ = {isa = PBXFileReference; fileEncoding = 4; lastKnownFileType = sourcecode.swift; path = PokemonCell.swift; sourceTree = "<group>"; };
		E0196AA41F6ECCD20066E959 /* PokemonCell.xib */ = {isa = PBXFileReference; fileEncoding = 4; lastKnownFileType = file.xib; path = PokemonCell.xib; sourceTree = "<group>"; };
		E0196AA71F6ECDA00066E959 /* Identifiable.swift */ = {isa = PBXFileReference; fileEncoding = 4; lastKnownFileType = sourcecode.swift; path = Identifiable.swift; sourceTree = "<group>"; };
		E0196AA91F6ECDC90066E959 /* UICollectionView.swift */ = {isa = PBXFileReference; fileEncoding = 4; lastKnownFileType = sourcecode.swift; path = UICollectionView.swift; sourceTree = "<group>"; };
		E0196AAB1F6ECDDD0066E959 /* UICollectionViewCell.swift */ = {isa = PBXFileReference; fileEncoding = 4; lastKnownFileType = sourcecode.swift; path = UICollectionViewCell.swift; sourceTree = "<group>"; };
		E0196AB11F6EEE360066E959 /* PokemonLight.swift */ = {isa = PBXFileReference; fileEncoding = 4; lastKnownFileType = sourcecode.swift; path = PokemonLight.swift; sourceTree = "<group>"; };
		E0196AB91F6EF0860066E959 /* PokemonParser.swift */ = {isa = PBXFileReference; fileEncoding = 4; lastKnownFileType = sourcecode.swift; path = PokemonParser.swift; sourceTree = "<group>"; };
		E0196ABB1F6EF0DF0066E959 /* CSVParser.swift */ = {isa = PBXFileReference; fileEncoding = 4; lastKnownFileType = sourcecode.swift; path = CSVParser.swift; sourceTree = "<group>"; };
		E0196ABE1F6EFB1C0066E959 /* PokedexError.swift */ = {isa = PBXFileReference; fileEncoding = 4; lastKnownFileType = sourcecode.swift; path = PokedexError.swift; sourceTree = "<group>"; };
		E0196AC01F6F01CD0066E959 /* PokemonAPI.swift */ = {isa = PBXFileReference; fileEncoding = 4; lastKnownFileType = sourcecode.swift; path = PokemonAPI.swift; sourceTree = "<group>"; };
		E0196AC21F6F02660066E959 /* DataDependencies.swift */ = {isa = PBXFileReference; fileEncoding = 4; lastKnownFileType = sourcecode.swift; path = DataDependencies.swift; sourceTree = "<group>"; };
		E0196AC41F6F02850066E959 /* DataDependenciesProtocols.swift */ = {isa = PBXFileReference; fileEncoding = 4; lastKnownFileType = sourcecode.swift; path = DataDependenciesProtocols.swift; sourceTree = "<group>"; };
		E0196AC61F703C8D0066E959 /* PokemonCellViewModel.swift */ = {isa = PBXFileReference; fileEncoding = 4; lastKnownFileType = sourcecode.swift; path = PokemonCellViewModel.swift; sourceTree = "<group>"; };
		E0196AC81F7192E40066E959 /* Result.swift */ = {isa = PBXFileReference; fileEncoding = 4; lastKnownFileType = sourcecode.swift; path = Result.swift; sourceTree = "<group>"; };
		E0196ACA1F7199190066E959 /* Alertable.swift */ = {isa = PBXFileReference; fileEncoding = 4; lastKnownFileType = sourcecode.swift; path = Alertable.swift; sourceTree = "<group>"; };
		E0196ACC1F71B2A60066E959 /* Roundable.swift */ = {isa = PBXFileReference; fileEncoding = 4; lastKnownFileType = sourcecode.swift; path = Roundable.swift; sourceTree = "<group>"; };
		E0196ACE1F71B49D0066E959 /* NavigationTransitionType.swift */ = {isa = PBXFileReference; fileEncoding = 4; lastKnownFileType = sourcecode.swift; path = NavigationTransitionType.swift; sourceTree = "<group>"; };
		E0196AD01F71BAC10066E959 /* Navigator.swift */ = {isa = PBXFileReference; fileEncoding = 4; lastKnownFileType = sourcecode.swift; path = Navigator.swift; sourceTree = "<group>"; };
		E0196AD21F71BDE00066E959 /* PokedexDetailsCoordinator.swift */ = {isa = PBXFileReference; fileEncoding = 4; lastKnownFileType = sourcecode.swift; path = PokedexDetailsCoordinator.swift; sourceTree = "<group>"; };
		E0196AD51F72DA930066E959 /* PokedexDetailsViewController.swift */ = {isa = PBXFileReference; fileEncoding = 4; lastKnownFileType = sourcecode.swift; path = PokedexDetailsViewController.swift; sourceTree = "<group>"; };
		E0196AD61F72DA930066E959 /* PokedexDetailsViewController.xib */ = {isa = PBXFileReference; fileEncoding = 4; lastKnownFileType = file.xib; path = PokedexDetailsViewController.xib; sourceTree = "<group>"; };
		E0196AD91F72DAA30066E959 /* PokedexDetailsViewModel.swift */ = {isa = PBXFileReference; fileEncoding = 4; lastKnownFileType = sourcecode.swift; path = PokedexDetailsViewModel.swift; sourceTree = "<group>"; };
		E04257411F8A56F50091A55D /* PokemonEvolution.swift */ = {isa = PBXFileReference; lastKnownFileType = sourcecode.swift; path = PokemonEvolution.swift; sourceTree = "<group>"; };
		E05C7FC01F87873000C83360 /* String.swift */ = {isa = PBXFileReference; lastKnownFileType = sourcecode.swift; path = String.swift; sourceTree = "<group>"; };
		E05C7FC21F878B8300C83360 /* PokemonNetwork.swift */ = {isa = PBXFileReference; lastKnownFileType = sourcecode.swift; path = PokemonNetwork.swift; sourceTree = "<group>"; };
		E05C7FC41F87CA2D00C83360 /* PrimitiveSequence.swift */ = {isa = PBXFileReference; lastKnownFileType = sourcecode.swift; path = PrimitiveSequence.swift; sourceTree = "<group>"; };
/* End PBXFileReference section */

/* Begin PBXFrameworksBuildPhase section */
		E0196A691F6EC4860066E959 /* Frameworks */ = {
			isa = PBXFrameworksBuildPhase;
			buildActionMask = 2147483647;
			files = (
				95A9730C343FD9697C890065 /* Pods_Pokedex_Rx.framework in Frameworks */,
			);
			runOnlyForDeploymentPostprocessing = 0;
		};
/* End PBXFrameworksBuildPhase section */

/* Begin PBXGroup section */
		E0196A631F6EC4860066E959 = {
			isa = PBXGroup;
			children = (
				E0196A6E1F6EC4860066E959 /* Pokedex-Rx */,
				E0196A6D1F6EC4860066E959 /* Products */,
				E71292E315E499C3E270D06F /* Pods */,
				ECC961B7212225C21F8ADA13 /* Frameworks */,
			);
			sourceTree = "<group>";
		};
		E0196A6D1F6EC4860066E959 /* Products */ = {
			isa = PBXGroup;
			children = (
				E0196A6C1F6EC4860066E959 /* Pokedex-Rx.app */,
			);
			name = Products;
			sourceTree = "<group>";
		};
		E0196A6E1F6EC4860066E959 /* Pokedex-Rx */ = {
			isa = PBXGroup;
			children = (
				E0196ABD1F6EFB0F0066E959 /* Enums */,
				E0196A871F6EC5390066E959 /* Helpers */,
				E0196A861F6EC5320066E959 /* Protocols */,
				E0196A851F6EC52B0066E959 /* Extensions */,
				E0196A841F6EC5240066E959 /* Network */,
				E0196A831F6EC51C0066E959 /* Context */,
				E0196AD41F72D9600066E959 /* Navigation */,
				E0196A821F6EC5140066E959 /* Models */,
				E0196A811F6EC50D0066E959 /* Resources */,
			);
			path = "Pokedex-Rx";
			sourceTree = "<group>";
		};
		E0196A811F6EC50D0066E959 /* Resources */ = {
			isa = PBXGroup;
			children = (
				E0196A901F6EC5E40066E959 /* pokemon.csv */,
				E0196A891F6EC5870066E959 /* Music */,
				E0196A881F6EC5800066E959 /* Fonts */,
				E0196A761F6EC4860066E959 /* Assets.xcassets */,
				E0196A781F6EC4860066E959 /* LaunchScreen.storyboard */,
				E0196A7B1F6EC4860066E959 /* Info.plist */,
			);
			name = Resources;
			sourceTree = "<group>";
		};
		E0196A821F6EC5140066E959 /* Models */ = {
			isa = PBXGroup;
			children = (
				E0196AB11F6EEE360066E959 /* PokemonLight.swift */,
				E0074D301F75B19B007C9931 /* Pokemon.swift */,
				E0074D341F75B222007C9931 /* Statistics.swift */,
				E0074D361F75B290007C9931 /* PokemonType.swift */,
				E04257411F8A56F50091A55D /* PokemonEvolution.swift */,
			);
			name = Models;
			sourceTree = "<group>";
		};
		E0196A831F6EC51C0066E959 /* Context */ = {
			isa = PBXGroup;
			children = (
				E0196A6F1F6EC4860066E959 /* AppDelegate.swift */,
				E0196A971F6EC7380066E959 /* Root */,
				E0196A981F6EC7D20066E959 /* PokedexList */,
				E0196A991F6EC7D80066E959 /* PokedexDetails */,
			);
			name = Context;
			sourceTree = "<group>";
		};
		E0196A841F6EC5240066E959 /* Network */ = {
			isa = PBXGroup;
			children = (
				E0196AC21F6F02660066E959 /* DataDependencies.swift */,
				E0196AB91F6EF0860066E959 /* PokemonParser.swift */,
				E0196AC01F6F01CD0066E959 /* PokemonAPI.swift */,
				E05C7FC21F878B8300C83360 /* PokemonNetwork.swift */,
			);
			name = Network;
			sourceTree = "<group>";
		};
		E0196A851F6EC52B0066E959 /* Extensions */ = {
			isa = PBXGroup;
			children = (
				E0196AA91F6ECDC90066E959 /* UICollectionView.swift */,
				E0196AAB1F6ECDDD0066E959 /* UICollectionViewCell.swift */,
				E05C7FC01F87873000C83360 /* String.swift */,
				E05C7FC41F87CA2D00C83360 /* PrimitiveSequence.swift */,
			);
			name = Extensions;
			sourceTree = "<group>";
		};
		E0196A861F6EC5320066E959 /* Protocols */ = {
			isa = PBXGroup;
			children = (
				E0196A931F6EC7200066E959 /* Coordinator.swift */,
				E0196AA71F6ECDA00066E959 /* Identifiable.swift */,
				E0196AC41F6F02850066E959 /* DataDependenciesProtocols.swift */,
				E0196ACA1F7199190066E959 /* Alertable.swift */,
				E0196ACC1F71B2A60066E959 /* Roundable.swift */,
			);
			name = Protocols;
			sourceTree = "<group>";
		};
		E0196A871F6EC5390066E959 /* Helpers */ = {
			isa = PBXGroup;
			children = (
				E0196ABB1F6EF0DF0066E959 /* CSVParser.swift */,
			);
			name = Helpers;
			sourceTree = "<group>";
		};
		E0196A881F6EC5800066E959 /* Fonts */ = {
			isa = PBXGroup;
			children = (
				E0196A8B1F6EC59C0066E959 /* Pokemon.ttf */,
				E0196A8C1F6EC59C0066E959 /* Pokemon2.ttf */,
			);
			name = Fonts;
			sourceTree = "<group>";
		};
		E0196A891F6EC5870066E959 /* Music */ = {
			isa = PBXGroup;
			children = (
				E0196A8A1F6EC59C0066E959 /* music.mp3 */,
			);
			name = Music;
			sourceTree = "<group>";
		};
		E0196A971F6EC7380066E959 /* Root */ = {
			isa = PBXGroup;
			children = (
				E0196A951F6EC7350066E959 /* RootCoordinator.swift */,
			);
			name = Root;
			sourceTree = "<group>";
		};
		E0196A981F6EC7D20066E959 /* PokedexList */ = {
			isa = PBXGroup;
			children = (
				E0196AA21F6ECCA80066E959 /* Cells */,
				E0196AA01F6EC8230066E959 /* PokedexListCoordinator.swift */,
				E0196A9A1F6EC7F20066E959 /* PokedexListViewController.swift */,
				E0196A9B1F6EC7F20066E959 /* PokedexListViewController.xib */,
				E0196A9E1F6EC7FE0066E959 /* PokedexListViewModel.swift */,
			);
			name = PokedexList;
			sourceTree = "<group>";
		};
		E0196A991F6EC7D80066E959 /* PokedexDetails */ = {
			isa = PBXGroup;
			children = (
				E0196AD21F71BDE00066E959 /* PokedexDetailsCoordinator.swift */,
				E0196AD51F72DA930066E959 /* PokedexDetailsViewController.swift */,
				E0196AD61F72DA930066E959 /* PokedexDetailsViewController.xib */,
				E0196AD91F72DAA30066E959 /* PokedexDetailsViewModel.swift */,
			);
			name = PokedexDetails;
			sourceTree = "<group>";
		};
		E0196AA21F6ECCA80066E959 /* Cells */ = {
			isa = PBXGroup;
			children = (
				E0196AA31F6ECCD20066E959 /* PokemonCell.swift */,
				E0196AA41F6ECCD20066E959 /* PokemonCell.xib */,
				E0196AC61F703C8D0066E959 /* PokemonCellViewModel.swift */,
			);
			name = Cells;
			sourceTree = "<group>";
		};
		E0196ABD1F6EFB0F0066E959 /* Enums */ = {
			isa = PBXGroup;
			children = (
				E0196ABE1F6EFB1C0066E959 /* PokedexError.swift */,
				E0196AC81F7192E40066E959 /* Result.swift */,
			);
			name = Enums;
			sourceTree = "<group>";
		};
		E0196AD41F72D9600066E959 /* Navigation */ = {
			isa = PBXGroup;
			children = (
				E0196ACE1F71B49D0066E959 /* NavigationTransitionType.swift */,
				E0196AD01F71BAC10066E959 /* Navigator.swift */,
			);
			name = Navigation;
			sourceTree = "<group>";
		};
		E71292E315E499C3E270D06F /* Pods */ = {
			isa = PBXGroup;
			children = (
				0419E460568B6626412566EB /* Pods-Pokedex-Rx.debug.xcconfig */,
				B62C7FE58A352E23D0915B1B /* Pods-Pokedex-Rx.release.xcconfig */,
			);
			name = Pods;
			sourceTree = "<group>";
		};
		ECC961B7212225C21F8ADA13 /* Frameworks */ = {
			isa = PBXGroup;
			children = (
				050A25FCA85B061598ACC7CC /* Pods_Pokedex_Rx.framework */,
			);
			name = Frameworks;
			sourceTree = "<group>";
		};
/* End PBXGroup section */

/* Begin PBXNativeTarget section */
		E0196A6B1F6EC4860066E959 /* Pokedex-Rx */ = {
			isa = PBXNativeTarget;
			buildConfigurationList = E0196A7E1F6EC4860066E959 /* Build configuration list for PBXNativeTarget "Pokedex-Rx" */;
			buildPhases = (
				789994FF191C6558FC7CA629 /* [CP] Check Pods Manifest.lock */,
				E0196A681F6EC4860066E959 /* Sources */,
				E0196A691F6EC4860066E959 /* Frameworks */,
				E0196A6A1F6EC4860066E959 /* Resources */,
				53C9303078F44749DFC61674 /* [CP] Embed Pods Frameworks */,
				C1280FEB78DF91591A5B8CAA /* [CP] Copy Pods Resources */,
				E0196A921F6EC6AB0066E959 /* ShellScript */,
			);
			buildRules = (
			);
			dependencies = (
			);
			name = "Pokedex-Rx";
			productName = "Pokedex-Rx";
			productReference = E0196A6C1F6EC4860066E959 /* Pokedex-Rx.app */;
			productType = "com.apple.product-type.application";
		};
/* End PBXNativeTarget section */

/* Begin PBXProject section */
		E0196A641F6EC4860066E959 /* Project object */ = {
			isa = PBXProject;
			attributes = {
				LastSwiftUpdateCheck = 0830;
				LastUpgradeCheck = 0900;
				ORGANIZATIONNAME = "Amadeu Andrade";
				TargetAttributes = {
					E0196A6B1F6EC4860066E959 = {
						CreatedOnToolsVersion = 8.3.3;
						DevelopmentTeam = P8WVW27EH5;
						LastSwiftMigration = 0900;
						ProvisioningStyle = Automatic;
					};
				};
			};
			buildConfigurationList = E0196A671F6EC4860066E959 /* Build configuration list for PBXProject "Pokedex-Rx" */;
			compatibilityVersion = "Xcode 3.2";
			developmentRegion = English;
			hasScannedForEncodings = 0;
			knownRegions = (
				en,
				Base,
			);
			mainGroup = E0196A631F6EC4860066E959;
			productRefGroup = E0196A6D1F6EC4860066E959 /* Products */;
			projectDirPath = "";
			projectRoot = "";
			targets = (
				E0196A6B1F6EC4860066E959 /* Pokedex-Rx */,
			);
		};
/* End PBXProject section */

/* Begin PBXResourcesBuildPhase section */
		E0196A6A1F6EC4860066E959 /* Resources */ = {
			isa = PBXResourcesBuildPhase;
			buildActionMask = 2147483647;
			files = (
				E0196AD81F72DA930066E959 /* PokedexDetailsViewController.xib in Resources */,
				E0196A8E1F6EC59C0066E959 /* Pokemon.ttf in Resources */,
				E0196AA61F6ECCD20066E959 /* PokemonCell.xib in Resources */,
				E0196A7A1F6EC4860066E959 /* LaunchScreen.storyboard in Resources */,
				E0196A8F1F6EC59C0066E959 /* Pokemon2.ttf in Resources */,
				E0196A771F6EC4860066E959 /* Assets.xcassets in Resources */,
				E0196A911F6EC5E40066E959 /* pokemon.csv in Resources */,
				E0196A8D1F6EC59C0066E959 /* music.mp3 in Resources */,
				E0196A9D1F6EC7F20066E959 /* PokedexListViewController.xib in Resources */,
			);
			runOnlyForDeploymentPostprocessing = 0;
		};
/* End PBXResourcesBuildPhase section */

/* Begin PBXShellScriptBuildPhase section */
		53C9303078F44749DFC61674 /* [CP] Embed Pods Frameworks */ = {
			isa = PBXShellScriptBuildPhase;
			buildActionMask = 2147483647;
			files = (
			);
			inputPaths = (
			);
			name = "[CP] Embed Pods Frameworks";
			outputPaths = (
			);
			runOnlyForDeploymentPostprocessing = 0;
			shellPath = /bin/sh;
			shellScript = "\"${SRCROOT}/Pods/Target Support Files/Pods-Pokedex-Rx/Pods-Pokedex-Rx-frameworks.sh\"\n";
			showEnvVarsInLog = 0;
		};
		789994FF191C6558FC7CA629 /* [CP] Check Pods Manifest.lock */ = {
			isa = PBXShellScriptBuildPhase;
			buildActionMask = 2147483647;
			files = (
			);
			inputPaths = (
			);
			name = "[CP] Check Pods Manifest.lock";
			outputPaths = (
			);
			runOnlyForDeploymentPostprocessing = 0;
			shellPath = /bin/sh;
			shellScript = "diff \"${PODS_PODFILE_DIR_PATH}/Podfile.lock\" \"${PODS_ROOT}/Manifest.lock\" > /dev/null\nif [ $? != 0 ] ; then\n    # print error to STDERR\n    echo \"error: The sandbox is not in sync with the Podfile.lock. Run 'pod install' or update your CocoaPods installation.\" >&2\n    exit 1\nfi\n";
			showEnvVarsInLog = 0;
		};
		C1280FEB78DF91591A5B8CAA /* [CP] Copy Pods Resources */ = {
			isa = PBXShellScriptBuildPhase;
			buildActionMask = 2147483647;
			files = (
			);
			inputPaths = (
			);
			name = "[CP] Copy Pods Resources";
			outputPaths = (
			);
			runOnlyForDeploymentPostprocessing = 0;
			shellPath = /bin/sh;
			shellScript = "\"${SRCROOT}/Pods/Target Support Files/Pods-Pokedex-Rx/Pods-Pokedex-Rx-resources.sh\"\n";
			showEnvVarsInLog = 0;
		};
		E0196A921F6EC6AB0066E959 /* ShellScript */ = {
			isa = PBXShellScriptBuildPhase;
			buildActionMask = 2147483647;
			files = (
			);
			inputPaths = (
			);
			outputPaths = (
			);
			runOnlyForDeploymentPostprocessing = 0;
			shellPath = /bin/sh;
			shellScript = "\"${PODS_ROOT}/SwiftLint/swiftlint\"";
		};
/* End PBXShellScriptBuildPhase section */

/* Begin PBXSourcesBuildPhase section */
		E0196A681F6EC4860066E959 /* Sources */ = {
			isa = PBXSourcesBuildPhase;
			buildActionMask = 2147483647;
			files = (
				E0074D371F75B290007C9931 /* PokemonType.swift in Sources */,
				E0196A941F6EC7200066E959 /* Coordinator.swift in Sources */,
				E0196A9C1F6EC7F20066E959 /* PokedexListViewController.swift in Sources */,
				E0196AC91F7192E40066E959 /* Result.swift in Sources */,
				E0196AAC1F6ECDDD0066E959 /* UICollectionViewCell.swift in Sources */,
				E04257421F8A56F50091A55D /* PokemonEvolution.swift in Sources */,
				E0196AD11F71BAC10066E959 /* Navigator.swift in Sources */,
				E0196ACF1F71B49D0066E959 /* NavigationTransitionType.swift in Sources */,
				E0074D351F75B222007C9931 /* Statistics.swift in Sources */,
				E0196ABF1F6EFB1C0066E959 /* PokedexError.swift in Sources */,
				E0196AC51F6F02850066E959 /* DataDependenciesProtocols.swift in Sources */,
				E0196A9F1F6EC7FE0066E959 /* PokedexListViewModel.swift in Sources */,
				E0196AC71F703C8E0066E959 /* PokemonCellViewModel.swift in Sources */,
				E05C7FC11F87873000C83360 /* String.swift in Sources */,
				E0196AC11F6F01CD0066E959 /* PokemonAPI.swift in Sources */,
				E0196ACD1F71B2A60066E959 /* Roundable.swift in Sources */,
				E0196AAA1F6ECDC90066E959 /* UICollectionView.swift in Sources */,
				E0196ABA1F6EF0860066E959 /* PokemonParser.swift in Sources */,
				E0074D311F75B19B007C9931 /* Pokemon.swift in Sources */,
				E0196ABC1F6EF0DF0066E959 /* CSVParser.swift in Sources */,
				E0196AB21F6EEE360066E959 /* PokemonLight.swift in Sources */,
				E0196AD71F72DA930066E959 /* PokedexDetailsViewController.swift in Sources */,
				E0196AA11F6EC8230066E959 /* PokedexListCoordinator.swift in Sources */,
				E0196ACB1F7199190066E959 /* Alertable.swift in Sources */,
				E0196AC31F6F02660066E959 /* DataDependencies.swift in Sources */,
				E05C7FC51F87CA2D00C83360 /* PrimitiveSequence.swift in Sources */,
				E0196A961F6EC7350066E959 /* RootCoordinator.swift in Sources */,
				E0196AD31F71BDE00066E959 /* PokedexDetailsCoordinator.swift in Sources */,
				E0196ADA1F72DAA30066E959 /* PokedexDetailsViewModel.swift in Sources */,
				E0196AA81F6ECDA00066E959 /* Identifiable.swift in Sources */,
				E0196AA51F6ECCD20066E959 /* PokemonCell.swift in Sources */,
				E05C7FC31F878B8300C83360 /* PokemonNetwork.swift in Sources */,
				E0196A701F6EC4860066E959 /* AppDelegate.swift in Sources */,
			);
			runOnlyForDeploymentPostprocessing = 0;
		};
/* End PBXSourcesBuildPhase section */

/* Begin PBXVariantGroup section */
		E0196A781F6EC4860066E959 /* LaunchScreen.storyboard */ = {
			isa = PBXVariantGroup;
			children = (
				E0196A791F6EC4860066E959 /* Base */,
			);
			name = LaunchScreen.storyboard;
			sourceTree = "<group>";
		};
/* End PBXVariantGroup section */

/* Begin XCBuildConfiguration section */
		E0196A7C1F6EC4860066E959 /* Debug */ = {
			isa = XCBuildConfiguration;
			buildSettings = {
				ALWAYS_SEARCH_USER_PATHS = NO;
				CLANG_ANALYZER_NONNULL = YES;
				CLANG_ANALYZER_NUMBER_OBJECT_CONVERSION = YES_AGGRESSIVE;
				CLANG_CXX_LANGUAGE_STANDARD = "gnu++0x";
				CLANG_CXX_LIBRARY = "libc++";
				CLANG_ENABLE_MODULES = YES;
				CLANG_ENABLE_OBJC_ARC = YES;
				CLANG_WARN_BLOCK_CAPTURE_AUTORELEASING = YES;
				CLANG_WARN_BOOL_CONVERSION = YES;
				CLANG_WARN_COMMA = YES;
				CLANG_WARN_CONSTANT_CONVERSION = YES;
				CLANG_WARN_DIRECT_OBJC_ISA_USAGE = YES_ERROR;
				CLANG_WARN_DOCUMENTATION_COMMENTS = YES;
				CLANG_WARN_EMPTY_BODY = YES;
				CLANG_WARN_ENUM_CONVERSION = YES;
				CLANG_WARN_INFINITE_RECURSION = YES;
				CLANG_WARN_INT_CONVERSION = YES;
				CLANG_WARN_NON_LITERAL_NULL_CONVERSION = YES;
				CLANG_WARN_OBJC_LITERAL_CONVERSION = YES;
				CLANG_WARN_OBJC_ROOT_CLASS = YES_ERROR;
				CLANG_WARN_RANGE_LOOP_ANALYSIS = YES;
				CLANG_WARN_STRICT_PROTOTYPES = YES;
				CLANG_WARN_SUSPICIOUS_MOVE = YES;
				CLANG_WARN_UNREACHABLE_CODE = YES;
				CLANG_WARN__DUPLICATE_METHOD_MATCH = YES;
				"CODE_SIGN_IDENTITY[sdk=iphoneos*]" = "iPhone Developer";
				COPY_PHASE_STRIP = NO;
				DEBUG_INFORMATION_FORMAT = dwarf;
				ENABLE_STRICT_OBJC_MSGSEND = YES;
				ENABLE_TESTABILITY = YES;
				GCC_C_LANGUAGE_STANDARD = gnu99;
				GCC_DYNAMIC_NO_PIC = NO;
				GCC_NO_COMMON_BLOCKS = YES;
				GCC_OPTIMIZATION_LEVEL = 0;
				GCC_PREPROCESSOR_DEFINITIONS = (
					"DEBUG=1",
					"$(inherited)",
				);
				GCC_WARN_64_TO_32_BIT_CONVERSION = YES;
				GCC_WARN_ABOUT_RETURN_TYPE = YES_ERROR;
				GCC_WARN_UNDECLARED_SELECTOR = YES;
				GCC_WARN_UNINITIALIZED_AUTOS = YES_AGGRESSIVE;
				GCC_WARN_UNUSED_FUNCTION = YES;
				GCC_WARN_UNUSED_VARIABLE = YES;
				IPHONEOS_DEPLOYMENT_TARGET = 11.0;
				MTL_ENABLE_DEBUG_INFO = YES;
				ONLY_ACTIVE_ARCH = YES;
				SDKROOT = iphoneos;
				SWIFT_ACTIVE_COMPILATION_CONDITIONS = DEBUG;
				SWIFT_OPTIMIZATION_LEVEL = "-Onone";
			};
			name = Debug;
		};
		E0196A7D1F6EC4860066E959 /* Release */ = {
			isa = XCBuildConfiguration;
			buildSettings = {
				ALWAYS_SEARCH_USER_PATHS = NO;
				CLANG_ANALYZER_NONNULL = YES;
				CLANG_ANALYZER_NUMBER_OBJECT_CONVERSION = YES_AGGRESSIVE;
				CLANG_CXX_LANGUAGE_STANDARD = "gnu++0x";
				CLANG_CXX_LIBRARY = "libc++";
				CLANG_ENABLE_MODULES = YES;
				CLANG_ENABLE_OBJC_ARC = YES;
				CLANG_WARN_BLOCK_CAPTURE_AUTORELEASING = YES;
				CLANG_WARN_BOOL_CONVERSION = YES;
				CLANG_WARN_COMMA = YES;
				CLANG_WARN_CONSTANT_CONVERSION = YES;
				CLANG_WARN_DIRECT_OBJC_ISA_USAGE = YES_ERROR;
				CLANG_WARN_DOCUMENTATION_COMMENTS = YES;
				CLANG_WARN_EMPTY_BODY = YES;
				CLANG_WARN_ENUM_CONVERSION = YES;
				CLANG_WARN_INFINITE_RECURSION = YES;
				CLANG_WARN_INT_CONVERSION = YES;
				CLANG_WARN_NON_LITERAL_NULL_CONVERSION = YES;
				CLANG_WARN_OBJC_LITERAL_CONVERSION = YES;
				CLANG_WARN_OBJC_ROOT_CLASS = YES_ERROR;
				CLANG_WARN_RANGE_LOOP_ANALYSIS = YES;
				CLANG_WARN_STRICT_PROTOTYPES = YES;
				CLANG_WARN_SUSPICIOUS_MOVE = YES;
				CLANG_WARN_UNREACHABLE_CODE = YES;
				CLANG_WARN__DUPLICATE_METHOD_MATCH = YES;
				"CODE_SIGN_IDENTITY[sdk=iphoneos*]" = "iPhone Developer";
				COPY_PHASE_STRIP = NO;
				DEBUG_INFORMATION_FORMAT = "dwarf-with-dsym";
				ENABLE_NS_ASSERTIONS = NO;
				ENABLE_STRICT_OBJC_MSGSEND = YES;
				GCC_C_LANGUAGE_STANDARD = gnu99;
				GCC_NO_COMMON_BLOCKS = YES;
				GCC_WARN_64_TO_32_BIT_CONVERSION = YES;
				GCC_WARN_ABOUT_RETURN_TYPE = YES_ERROR;
				GCC_WARN_UNDECLARED_SELECTOR = YES;
				GCC_WARN_UNINITIALIZED_AUTOS = YES_AGGRESSIVE;
				GCC_WARN_UNUSED_FUNCTION = YES;
				GCC_WARN_UNUSED_VARIABLE = YES;
				IPHONEOS_DEPLOYMENT_TARGET = 11.0;
				MTL_ENABLE_DEBUG_INFO = NO;
				SDKROOT = iphoneos;
				SWIFT_OPTIMIZATION_LEVEL = "-Owholemodule";
				VALIDATE_PRODUCT = YES;
			};
			name = Release;
		};
		E0196A7F1F6EC4860066E959 /* Debug */ = {
			isa = XCBuildConfiguration;
			baseConfigurationReference = 0419E460568B6626412566EB /* Pods-Pokedex-Rx.debug.xcconfig */;
			buildSettings = {
				ASSETCATALOG_COMPILER_APPICON_NAME = AppIcon;
				DEVELOPMENT_TEAM = P8WVW27EH5;
				INFOPLIST_FILE = "Pokedex-Rx/Info.plist";
				IPHONEOS_DEPLOYMENT_TARGET = 11.0;
				LD_RUNPATH_SEARCH_PATHS = "$(inherited) @executable_path/Frameworks";
				PRODUCT_BUNDLE_IDENTIFIER = "com.amadeuandrade.Pokedex-Rx";
				PRODUCT_NAME = "$(TARGET_NAME)";
				SWIFT_SWIFT3_OBJC_INFERENCE = On;
				SWIFT_VERSION = 4.0;
			};
			name = Debug;
		};
		E0196A801F6EC4860066E959 /* Release */ = {
			isa = XCBuildConfiguration;
			baseConfigurationReference = B62C7FE58A352E23D0915B1B /* Pods-Pokedex-Rx.release.xcconfig */;
			buildSettings = {
				ASSETCATALOG_COMPILER_APPICON_NAME = AppIcon;
				DEVELOPMENT_TEAM = P8WVW27EH5;
				INFOPLIST_FILE = "Pokedex-Rx/Info.plist";
				IPHONEOS_DEPLOYMENT_TARGET = 11.0;
				LD_RUNPATH_SEARCH_PATHS = "$(inherited) @executable_path/Frameworks";
				PRODUCT_BUNDLE_IDENTIFIER = "com.amadeuandrade.Pokedex-Rx";
				PRODUCT_NAME = "$(TARGET_NAME)";
				SWIFT_SWIFT3_OBJC_INFERENCE = On;
				SWIFT_VERSION = 4.0;
			};
			name = Release;
		};
/* End XCBuildConfiguration section */

/* Begin XCConfigurationList section */
		E0196A671F6EC4860066E959 /* Build configuration list for PBXProject "Pokedex-Rx" */ = {
			isa = XCConfigurationList;
			buildConfigurations = (
				E0196A7C1F6EC4860066E959 /* Debug */,
				E0196A7D1F6EC4860066E959 /* Release */,
			);
			defaultConfigurationIsVisible = 0;
			defaultConfigurationName = Release;
		};
		E0196A7E1F6EC4860066E959 /* Build configuration list for PBXNativeTarget "Pokedex-Rx" */ = {
			isa = XCConfigurationList;
			buildConfigurations = (
				E0196A7F1F6EC4860066E959 /* Debug */,
				E0196A801F6EC4860066E959 /* Release */,
			);
			defaultConfigurationIsVisible = 0;
			defaultConfigurationName = Release;
		};
/* End XCConfigurationList section */
	};
	rootObject = E0196A641F6EC4860066E959 /* Project object */;
}
