PODS:
  - Action (3.3.0-alpha.1):
    - RxCocoa (~> 4.0.0-alpha.1)
    - RxSwift (~> 4.0.0-alpha.1)
  - Alamofire (4.5.1)
  - Moya/Core (9.0.0):
    - Alamofire (~> 4.1)
    - Result (~> 3.0)
  - Moya/RxSwift (9.0.0):
    - Moya/Core
    - RxSwift (= 4.0.0-beta.1)
  - Result (3.2.4)
  - RxCocoa (4.0.0-beta.1):
    - RxSwift (~> 4.0.0-beta.1)
  - RxSwift (4.0.0-beta.1)
  - SwiftLint (0.23.0)

DEPENDENCIES:
  - Action (from `https://github.com/RxSwiftCommunity/Action.git`, branch `master`)
  - Moya/RxSwift (from `https://github.com/Moya/Moya.git`, branch `10.0.0-dev`)
  - RxCocoa (from `https://github.com/ReactiveX/RxSwift.git`, branch `rxswift4.0-swift4.0`)
  - RxSwift (from `https://github.com/ReactiveX/RxSwift.git`, branch `rxswift4.0-swift4.0`)
  - SwiftLint

EXTERNAL SOURCES:
  Action:
    :branch: master
    :git: https://github.com/RxSwiftCommunity/Action.git
  Moya:
    :branch: 10.0.0-dev
    :git: https://github.com/Moya/Moya.git
  RxCocoa:
    :branch: rxswift4.0-swift4.0
    :git: https://github.com/ReactiveX/RxSwift.git
  RxSwift:
    :branch: rxswift4.0-swift4.0
    :git: https://github.com/ReactiveX/RxSwift.git

CHECKOUT OPTIONS:
  Action:
    :commit: 35130e4a4c4db0080679bddf84df0291f6c71a58
    :git: https://github.com/RxSwiftCommunity/Action.git
  Moya:
    :commit: 9fa5482af72a34d792bf75a72242ceea0934153e
    :git: https://github.com/Moya/Moya.git
  RxCocoa:
    :commit: aacfcc894bd3bc3ea1b03d483720973ea0e02905
    :git: https://github.com/ReactiveX/RxSwift.git
  RxSwift:
    :commit: aacfcc894bd3bc3ea1b03d483720973ea0e02905
    :git: https://github.com/ReactiveX/RxSwift.git

SPEC CHECKSUMS:
  Action: abad343221a84f1e1d127f88f450d3d62c7d96c3
  Alamofire: 2d95912bf4c34f164fdfc335872e8c312acaea4a
  Moya: 14084c28d93d7ab1a4efd39e7edc95e5bff1f011
  Result: d2d07204ce72856f1fd9130bbe42c35a7b0fea10
  RxCocoa: 009b86b0b158d4a7e4a5fc29bbdc0688c44fa3bb
  RxSwift: 9488787dfac649ffc1c4fddf3a3b4d6823d0b392
  SwiftLint: 6ddf7d305644c2239cb768a11d97cce804816691

PODFILE CHECKSUM: 738c2c1e4d72b6802e409f6af84cdbb0ed69f2a4

COCOAPODS: 1.2.1
